// !$*UTF8*$!
{
	archiveVersion = 1;
	classes = {
	};
	objectVersion = 46;
	objects = {

/* Begin PBXBuildFile section */
		651AF8931E23961900B5FC26 /* ChangeBackgroundImageCommand.swift in Sources */ = {isa = PBXBuildFile; fileRef = 651AF8921E23961900B5FC26 /* ChangeBackgroundImageCommand.swift */; };
		651AF8951E23963500B5FC26 /* LZXPathCommand.swift in Sources */ = {isa = PBXBuildFile; fileRef = 651AF8941E23963500B5FC26 /* LZXPathCommand.swift */; };
		651AF8971E23964500B5FC26 /* LZXDeleteScribbleCommand.swift in Sources */ = {isa = PBXBuildFile; fileRef = 651AF8961E23964500B5FC26 /* LZXDeleteScribbleCommand.swift */; };
		651AF8991E2398DF00B5FC26 /* LZXBrowserTabView.swift in Sources */ = {isa = PBXBuildFile; fileRef = 651AF8981E2398DF00B5FC26 /* LZXBrowserTabView.swift */; };
		651AF89B1E23ADBD00B5FC26 /* LZXBrowserTab.swift in Sources */ = {isa = PBXBuildFile; fileRef = 651AF89A1E23ADBD00B5FC26 /* LZXBrowserTab.swift */; };
		651AF89D1E25242100B5FC26 /* LZXDooleView.swift in Sources */ = {isa = PBXBuildFile; fileRef = 651AF89C1E25242100B5FC26 /* LZXDooleView.swift */; };
		651AF89F1E28E37400B5FC26 /* Mark.swift in Sources */ = {isa = PBXBuildFile; fileRef = 651AF89E1E28E37400B5FC26 /* Mark.swift */; };
		651AF8A11E28E6C000B5FC26 /* ACEDrawingTools.swift in Sources */ = {isa = PBXBuildFile; fileRef = 651AF8A01E28E6C000B5FC26 /* ACEDrawingTools.swift */; };
		651AF8A31E2CDF4500B5FC26 /* ACEDrawingView.swift in Sources */ = {isa = PBXBuildFile; fileRef = 651AF8A21E2CDF4500B5FC26 /* ACEDrawingView.swift */; };
		65EFCCB41E21E0E10089D7C7 /* AppDelegate.swift in Sources */ = {isa = PBXBuildFile; fileRef = 65EFCCB31E21E0E10089D7C7 /* AppDelegate.swift */; };
		65EFCCB91E21E0E10089D7C7 /* Main.storyboard in Resources */ = {isa = PBXBuildFile; fileRef = 65EFCCB71E21E0E10089D7C7 /* Main.storyboard */; };
		65EFCCBB1E21E0E10089D7C7 /* Assets.xcassets in Resources */ = {isa = PBXBuildFile; fileRef = 65EFCCBA1E21E0E10089D7C7 /* Assets.xcassets */; };
		65EFCCBE1E21E0E10089D7C7 /* LaunchScreen.storyboard in Resources */ = {isa = PBXBuildFile; fileRef = 65EFCCBC1E21E0E10089D7C7 /* LaunchScreen.storyboard */; };
		65EFCCCD1E21E6C50089D7C7 /* LZXDoodleViewController.swift in Sources */ = {isa = PBXBuildFile; fileRef = 65EFCCCC1E21E6C50089D7C7 /* LZXDoodleViewController.swift */; };
		65EFCCCF1E2220F50089D7C7 /* LZXCanvasViewGenerator.swift in Sources */ = {isa = PBXBuildFile; fileRef = 65EFCCCE1E2220F50089D7C7 /* LZXCanvasViewGenerator.swift */; };
		65EFCCD11E2221AD0089D7C7 /* LZXCanvasBar.swift in Sources */ = {isa = PBXBuildFile; fileRef = 65EFCCD01E2221AD0089D7C7 /* LZXCanvasBar.swift */; };
		65EFCCD31E2225600089D7C7 /* LZXStudentCanvasBar.swift in Sources */ = {isa = PBXBuildFile; fileRef = 65EFCCD21E2225600089D7C7 /* LZXStudentCanvasBar.swift */; };
		65EFCCD51E222AC20089D7C7 /* LZXCommon.swift in Sources */ = {isa = PBXBuildFile; fileRef = 65EFCCD41E222AC20089D7C7 /* LZXCommon.swift */; };
		65EFCCD71E2232200089D7C7 /* LZXToolButton.swift in Sources */ = {isa = PBXBuildFile; fileRef = 65EFCCD61E2232200089D7C7 /* LZXToolButton.swift */; };
		65EFCCD91E2324720089D7C7 /* NSObject+Event.swift in Sources */ = {isa = PBXBuildFile; fileRef = 65EFCCD81E2324720089D7C7 /* NSObject+Event.swift */; };
		65EFCCDB1E235E360089D7C7 /* LZXCommandBtn.swift in Sources */ = {isa = PBXBuildFile; fileRef = 65EFCCDA1E235E360089D7C7 /* LZXCommandBtn.swift */; };
		65EFCCDD1E235E560089D7C7 /* LZXBarCommand.swift in Sources */ = {isa = PBXBuildFile; fileRef = 65EFCCDC1E235E560089D7C7 /* LZXBarCommand.swift */; };
		65EFCCDF1E2361910089D7C7 /* LZXCoordinatingManager.swift in Sources */ = {isa = PBXBuildFile; fileRef = 65EFCCDE1E2361910089D7C7 /* LZXCoordinatingManager.swift */; };
/* End PBXBuildFile section */

/* Begin PBXFileReference section */
		651AF8921E23961900B5FC26 /* ChangeBackgroundImageCommand.swift */ = {isa = PBXFileReference; fileEncoding = 4; lastKnownFileType = sourcecode.swift; path = ChangeBackgroundImageCommand.swift; sourceTree = "<group>"; };
		651AF8941E23963500B5FC26 /* LZXPathCommand.swift */ = {isa = PBXFileReference; fileEncoding = 4; lastKnownFileType = sourcecode.swift; path = LZXPathCommand.swift; sourceTree = "<group>"; };
		651AF8961E23964500B5FC26 /* LZXDeleteScribbleCommand.swift */ = {isa = PBXFileReference; fileEncoding = 4; lastKnownFileType = sourcecode.swift; path = LZXDeleteScribbleCommand.swift; sourceTree = "<group>"; };
		651AF8981E2398DF00B5FC26 /* LZXBrowserTabView.swift */ = {isa = PBXFileReference; fileEncoding = 4; lastKnownFileType = sourcecode.swift; path = LZXBrowserTabView.swift; sourceTree = "<group>"; };
		651AF89A1E23ADBD00B5FC26 /* LZXBrowserTab.swift */ = {isa = PBXFileReference; fileEncoding = 4; lastKnownFileType = sourcecode.swift; path = LZXBrowserTab.swift; sourceTree = "<group>"; };
		651AF89C1E25242100B5FC26 /* LZXDooleView.swift */ = {isa = PBXFileReference; fileEncoding = 4; lastKnownFileType = sourcecode.swift; path = LZXDooleView.swift; sourceTree = "<group>"; };
		651AF89E1E28E37400B5FC26 /* Mark.swift */ = {isa = PBXFileReference; fileEncoding = 4; lastKnownFileType = sourcecode.swift; path = Mark.swift; sourceTree = "<group>"; };
		651AF8A01E28E6C000B5FC26 /* ACEDrawingTools.swift */ = {isa = PBXFileReference; fileEncoding = 4; lastKnownFileType = sourcecode.swift; path = ACEDrawingTools.swift; sourceTree = "<group>"; };
		651AF8A21E2CDF4500B5FC26 /* ACEDrawingView.swift */ = {isa = PBXFileReference; fileEncoding = 4; lastKnownFileType = sourcecode.swift; path = ACEDrawingView.swift; sourceTree = "<group>"; };
		65EFCCB01E21E0E10089D7C7 /* DrawingBoard-Swift.app */ = {isa = PBXFileReference; explicitFileType = wrapper.application; includeInIndex = 0; path = "DrawingBoard-Swift.app"; sourceTree = BUILT_PRODUCTS_DIR; };
		65EFCCB31E21E0E10089D7C7 /* AppDelegate.swift */ = {isa = PBXFileReference; lastKnownFileType = sourcecode.swift; path = AppDelegate.swift; sourceTree = "<group>"; };
		65EFCCB81E21E0E10089D7C7 /* Base */ = {isa = PBXFileReference; lastKnownFileType = file.storyboard; name = Base; path = Base.lproj/Main.storyboard; sourceTree = "<group>"; };
		65EFCCBA1E21E0E10089D7C7 /* Assets.xcassets */ = {isa = PBXFileReference; lastKnownFileType = folder.assetcatalog; path = Assets.xcassets; sourceTree = "<group>"; };
		65EFCCBD1E21E0E10089D7C7 /* Base */ = {isa = PBXFileReference; lastKnownFileType = file.storyboard; name = Base; path = Base.lproj/LaunchScreen.storyboard; sourceTree = "<group>"; };
		65EFCCBF1E21E0E10089D7C7 /* Info.plist */ = {isa = PBXFileReference; lastKnownFileType = text.plist.xml; path = Info.plist; sourceTree = "<group>"; };
		65EFCCCC1E21E6C50089D7C7 /* LZXDoodleViewController.swift */ = {isa = PBXFileReference; fileEncoding = 4; lastKnownFileType = sourcecode.swift; path = LZXDoodleViewController.swift; sourceTree = "<group>"; };
		65EFCCCE1E2220F50089D7C7 /* LZXCanvasViewGenerator.swift */ = {isa = PBXFileReference; fileEncoding = 4; lastKnownFileType = sourcecode.swift; path = LZXCanvasViewGenerator.swift; sourceTree = "<group>"; };
		65EFCCD01E2221AD0089D7C7 /* LZXCanvasBar.swift */ = {isa = PBXFileReference; fileEncoding = 4; lastKnownFileType = sourcecode.swift; path = LZXCanvasBar.swift; sourceTree = "<group>"; };
		65EFCCD21E2225600089D7C7 /* LZXStudentCanvasBar.swift */ = {isa = PBXFileReference; fileEncoding = 4; lastKnownFileType = sourcecode.swift; path = LZXStudentCanvasBar.swift; sourceTree = "<group>"; };
		65EFCCD41E222AC20089D7C7 /* LZXCommon.swift */ = {isa = PBXFileReference; fileEncoding = 4; lastKnownFileType = sourcecode.swift; path = LZXCommon.swift; sourceTree = "<group>"; };
		65EFCCD61E2232200089D7C7 /* LZXToolButton.swift */ = {isa = PBXFileReference; fileEncoding = 4; lastKnownFileType = sourcecode.swift; path = LZXToolButton.swift; sourceTree = "<group>"; };
		65EFCCD81E2324720089D7C7 /* NSObject+Event.swift */ = {isa = PBXFileReference; fileEncoding = 4; lastKnownFileType = sourcecode.swift; path = "NSObject+Event.swift"; sourceTree = "<group>"; };
		65EFCCDA1E235E360089D7C7 /* LZXCommandBtn.swift */ = {isa = PBXFileReference; fileEncoding = 4; lastKnownFileType = sourcecode.swift; path = LZXCommandBtn.swift; sourceTree = "<group>"; };
		65EFCCDC1E235E560089D7C7 /* LZXBarCommand.swift */ = {isa = PBXFileReference; fileEncoding = 4; lastKnownFileType = sourcecode.swift; path = LZXBarCommand.swift; sourceTree = "<group>"; };
		65EFCCDE1E2361910089D7C7 /* LZXCoordinatingManager.swift */ = {isa = PBXFileReference; fileEncoding = 4; lastKnownFileType = sourcecode.swift; path = LZXCoordinatingManager.swift; sourceTree = "<group>"; };
/* End PBXFileReference section */

/* Begin PBXFrameworksBuildPhase section */
		65EFCCAD1E21E0E10089D7C7 /* Frameworks */ = {
			isa = PBXFrameworksBuildPhase;
			buildActionMask = 2147483647;
			files = (
			);
			runOnlyForDeploymentPostprocessing = 0;
		};
/* End PBXFrameworksBuildPhase section */

/* Begin PBXGroup section */
		65EFCCA71E21E0E10089D7C7 = {
			isa = PBXGroup;
			children = (
				65EFCCB21E21E0E10089D7C7 /* DrawingBoard-Swift */,
				65EFCCB11E21E0E10089D7C7 /* Products */,
			);
			sourceTree = "<group>";
		};
		65EFCCB11E21E0E10089D7C7 /* Products */ = {
			isa = PBXGroup;
			children = (
				65EFCCB01E21E0E10089D7C7 /* DrawingBoard-Swift.app */,
			);
			name = Products;
			sourceTree = "<group>";
		};
		65EFCCB21E21E0E10089D7C7 /* DrawingBoard-Swift */ = {
			isa = PBXGroup;
			children = (
				65EFCCC51E21E1630089D7C7 /* Controllers */,
				65EFCCC61E21E1630089D7C7 /* LZXUtils */,
				65EFCCC71E21E1630089D7C7 /* Modules */,
				65EFCCC81E21E1630089D7C7 /* ThirdPartys */,
				65EFCCC91E21E1630089D7C7 /* Views */,
				65EFCCB31E21E0E10089D7C7 /* AppDelegate.swift */,
				65EFCCB71E21E0E10089D7C7 /* Main.storyboard */,
				65EFCCBA1E21E0E10089D7C7 /* Assets.xcassets */,
				65EFCCBC1E21E0E10089D7C7 /* LaunchScreen.storyboard */,
				65EFCCBF1E21E0E10089D7C7 /* Info.plist */,
			);
			path = "DrawingBoard-Swift";
			sourceTree = "<group>";
		};
		65EFCCC51E21E1630089D7C7 /* Controllers */ = {
			isa = PBXGroup;
			children = (
				65EFCCCC1E21E6C50089D7C7 /* LZXDoodleViewController.swift */,
			);
			path = Controllers;
			sourceTree = "<group>";
		};
		65EFCCC61E21E1630089D7C7 /* LZXUtils */ = {
			isa = PBXGroup;
			children = (
				65EFCCD81E2324720089D7C7 /* NSObject+Event.swift */,
			);
			path = LZXUtils;
			sourceTree = "<group>";
		};
		65EFCCC71E21E1630089D7C7 /* Modules */ = {
			isa = PBXGroup;
			children = (
				65EFCCCE1E2220F50089D7C7 /* LZXCanvasViewGenerator.swift */,
				65EFCCD41E222AC20089D7C7 /* LZXCommon.swift */,
				65EFCCDC1E235E560089D7C7 /* LZXBarCommand.swift */,
				65EFCCDE1E2361910089D7C7 /* LZXCoordinatingManager.swift */,
				651AF8921E23961900B5FC26 /* ChangeBackgroundImageCommand.swift */,
				651AF8941E23963500B5FC26 /* LZXPathCommand.swift */,
				651AF8961E23964500B5FC26 /* LZXDeleteScribbleCommand.swift */,
				651AF89E1E28E37400B5FC26 /* Mark.swift */,
				651AF8A01E28E6C000B5FC26 /* ACEDrawingTools.swift */,
				651AF8A21E2CDF4500B5FC26 /* ACEDrawingView.swift */,
			);
			path = Modules;
			sourceTree = "<group>";
		};
		65EFCCC81E21E1630089D7C7 /* ThirdPartys */ = {
			isa = PBXGroup;
			children = (
			);
			path = ThirdPartys;
			sourceTree = "<group>";
		};
		65EFCCC91E21E1630089D7C7 /* Views */ = {
			isa = PBXGroup;
			children = (
				65EFCCD01E2221AD0089D7C7 /* LZXCanvasBar.swift */,
				65EFCCD21E2225600089D7C7 /* LZXStudentCanvasBar.swift */,
				65EFCCD61E2232200089D7C7 /* LZXToolButton.swift */,
				65EFCCDA1E235E360089D7C7 /* LZXCommandBtn.swift */,
				651AF8981E2398DF00B5FC26 /* LZXBrowserTabView.swift */,
				651AF89A1E23ADBD00B5FC26 /* LZXBrowserTab.swift */,
				651AF89C1E25242100B5FC26 /* LZXDooleView.swift */,
			);
			path = Views;
			sourceTree = "<group>";
		};
/* End PBXGroup section */

/* Begin PBXNativeTarget section */
		65EFCCAF1E21E0E10089D7C7 /* DrawingBoard-Swift */ = {
			isa = PBXNativeTarget;
			buildConfigurationList = 65EFCCC21E21E0E10089D7C7 /* Build configuration list for PBXNativeTarget "DrawingBoard-Swift" */;
			buildPhases = (
				65EFCCAC1E21E0E10089D7C7 /* Sources */,
				65EFCCAD1E21E0E10089D7C7 /* Frameworks */,
				65EFCCAE1E21E0E10089D7C7 /* Resources */,
			);
			buildRules = (
			);
			dependencies = (
			);
			name = "DrawingBoard-Swift";
			productName = "DrawingBoard-Swift";
			productReference = 65EFCCB01E21E0E10089D7C7 /* DrawingBoard-Swift.app */;
			productType = "com.apple.product-type.application";
		};
/* End PBXNativeTarget section */

/* Begin PBXProject section */
		65EFCCA81E21E0E10089D7C7 /* Project object */ = {
			isa = PBXProject;
			attributes = {
				LastSwiftUpdateCheck = 0820;
				LastUpgradeCheck = 0820;
				ORGANIZATIONNAME = songjie;
				TargetAttributes = {
					65EFCCAF1E21E0E10089D7C7 = {
						CreatedOnToolsVersion = 8.2.1;
						ProvisioningStyle = Automatic;
					};
				};
			};
			buildConfigurationList = 65EFCCAB1E21E0E10089D7C7 /* Build configuration list for PBXProject "DrawingBoard-Swift" */;
			compatibilityVersion = "Xcode 3.2";
			developmentRegion = English;
			hasScannedForEncodings = 0;
			knownRegions = (
				en,
				Base,
			);
			mainGroup = 65EFCCA71E21E0E10089D7C7;
			productRefGroup = 65EFCCB11E21E0E10089D7C7 /* Products */;
			projectDirPath = "";
			projectRoot = "";
			targets = (
				65EFCCAF1E21E0E10089D7C7 /* DrawingBoard-Swift */,
			);
		};
/* End PBXProject section */

/* Begin PBXResourcesBuildPhase section */
		65EFCCAE1E21E0E10089D7C7 /* Resources */ = {
			isa = PBXResourcesBuildPhase;
			buildActionMask = 2147483647;
			files = (
				65EFCCBE1E21E0E10089D7C7 /* LaunchScreen.storyboard in Resources */,
				65EFCCBB1E21E0E10089D7C7 /* Assets.xcassets in Resources */,
				65EFCCB91E21E0E10089D7C7 /* Main.storyboard in Resources */,
			);
			runOnlyForDeploymentPostprocessing = 0;
		};
/* End PBXResourcesBuildPhase section */

/* Begin PBXSourcesBuildPhase section */
		65EFCCAC1E21E0E10089D7C7 /* Sources */ = {
			isa = PBXSourcesBuildPhase;
			buildActionMask = 2147483647;
			files = (
				65EFCCD11E2221AD0089D7C7 /* LZXCanvasBar.swift in Sources */,
				651AF8971E23964500B5FC26 /* LZXDeleteScribbleCommand.swift in Sources */,
				651AF89F1E28E37400B5FC26 /* Mark.swift in Sources */,
				65EFCCD51E222AC20089D7C7 /* LZXCommon.swift in Sources */,
				65EFCCCF1E2220F50089D7C7 /* LZXCanvasViewGenerator.swift in Sources */,
				651AF8951E23963500B5FC26 /* LZXPathCommand.swift in Sources */,
				651AF89D1E25242100B5FC26 /* LZXDooleView.swift in Sources */,
				65EFCCD71E2232200089D7C7 /* LZXToolButton.swift in Sources */,
				65EFCCDB1E235E360089D7C7 /* LZXCommandBtn.swift in Sources */,
				651AF89B1E23ADBD00B5FC26 /* LZXBrowserTab.swift in Sources */,
				65EFCCD91E2324720089D7C7 /* NSObject+Event.swift in Sources */,
				651AF8A11E28E6C000B5FC26 /* ACEDrawingTools.swift in Sources */,
				65EFCCDF1E2361910089D7C7 /* LZXCoordinatingManager.swift in Sources */,
				65EFCCD31E2225600089D7C7 /* LZXStudentCanvasBar.swift in Sources */,
				65EFCCCD1E21E6C50089D7C7 /* LZXDoodleViewController.swift in Sources */,
				651AF8A31E2CDF4500B5FC26 /* ACEDrawingView.swift in Sources */,
				651AF8931E23961900B5FC26 /* ChangeBackgroundImageCommand.swift in Sources */,
				65EFCCDD1E235E560089D7C7 /* LZXBarCommand.swift in Sources */,
				65EFCCB41E21E0E10089D7C7 /* AppDelegate.swift in Sources */,
				651AF8991E2398DF00B5FC26 /* LZXBrowserTabView.swift in Sources */,
			);
			runOnlyForDeploymentPostprocessing = 0;
		};
/* End PBXSourcesBuildPhase section */

/* Begin PBXVariantGroup section */
		65EFCCB71E21E0E10089D7C7 /* Main.storyboard */ = {
			isa = PBXVariantGroup;
			children = (
				65EFCCB81E21E0E10089D7C7 /* Base */,
			);
			name = Main.storyboard;
			sourceTree = "<group>";
		};
		65EFCCBC1E21E0E10089D7C7 /* LaunchScreen.storyboard */ = {
			isa = PBXVariantGroup;
			children = (
				65EFCCBD1E21E0E10089D7C7 /* Base */,
			);
			name = LaunchScreen.storyboard;
			sourceTree = "<group>";
		};
/* End PBXVariantGroup section */

/* Begin XCBuildConfiguration section */
		65EFCCC01E21E0E10089D7C7 /* Debug */ = {
			isa = XCBuildConfiguration;
			buildSettings = {
				ALWAYS_SEARCH_USER_PATHS = NO;
				CLANG_ANALYZER_NONNULL = YES;
				CLANG_CXX_LANGUAGE_STANDARD = "gnu++0x";
				CLANG_CXX_LIBRARY = "libc++";
				CLANG_ENABLE_MODULES = YES;
				CLANG_ENABLE_OBJC_ARC = YES;
				CLANG_WARN_BOOL_CONVERSION = YES;
				CLANG_WARN_CONSTANT_CONVERSION = YES;
				CLANG_WARN_DIRECT_OBJC_ISA_USAGE = YES_ERROR;
				CLANG_WARN_DOCUMENTATION_COMMENTS = YES;
				CLANG_WARN_EMPTY_BODY = YES;
				CLANG_WARN_ENUM_CONVERSION = YES;
				CLANG_WARN_INFINITE_RECURSION = YES;
				CLANG_WARN_INT_CONVERSION = YES;
				CLANG_WARN_OBJC_ROOT_CLASS = YES_ERROR;
				CLANG_WARN_SUSPICIOUS_MOVE = YES;
				CLANG_WARN_UNREACHABLE_CODE = YES;
				CLANG_WARN__DUPLICATE_METHOD_MATCH = YES;
				"CODE_SIGN_IDENTITY[sdk=iphoneos*]" = "iPhone Developer";
				COPY_PHASE_STRIP = NO;
				DEBUG_INFORMATION_FORMAT = dwarf;
				ENABLE_STRICT_OBJC_MSGSEND = YES;
				ENABLE_TESTABILITY = YES;
				GCC_C_LANGUAGE_STANDARD = gnu99;
				GCC_DYNAMIC_NO_PIC = NO;
				GCC_NO_COMMON_BLOCKS = YES;
				GCC_OPTIMIZATION_LEVEL = 0;
				GCC_PREPROCESSOR_DEFINITIONS = (
					"DEBUG=1",
					"$(inherited)",
				);
				GCC_WARN_64_TO_32_BIT_CONVERSION = YES;
				GCC_WARN_ABOUT_RETURN_TYPE = YES_ERROR;
				GCC_WARN_UNDECLARED_SELECTOR = YES;
				GCC_WARN_UNINITIALIZED_AUTOS = YES_AGGRESSIVE;
				GCC_WARN_UNUSED_FUNCTION = YES;
				GCC_WARN_UNUSED_VARIABLE = YES;
				IPHONEOS_DEPLOYMENT_TARGET = 10.2;
				MTL_ENABLE_DEBUG_INFO = YES;
				ONLY_ACTIVE_ARCH = YES;
				SDKROOT = iphoneos;
				SWIFT_ACTIVE_COMPILATION_CONDITIONS = DEBUG;
				SWIFT_OPTIMIZATION_LEVEL = "-Onone";
				TARGETED_DEVICE_FAMILY = 2;
			};
			name = Debug;
		};
		65EFCCC11E21E0E10089D7C7 /* Release */ = {
			isa = XCBuildConfiguration;
			buildSettings = {
				ALWAYS_SEARCH_USER_PATHS = NO;
				CLANG_ANALYZER_NONNULL = YES;
				CLANG_CXX_LANGUAGE_STANDARD = "gnu++0x";
				CLANG_CXX_LIBRARY = "libc++";
				CLANG_ENABLE_MODULES = YES;
				CLANG_ENABLE_OBJC_ARC = YES;
				CLANG_WARN_BOOL_CONVERSION = YES;
				CLANG_WARN_CONSTANT_CONVERSION = YES;
				CLANG_WARN_DIRECT_OBJC_ISA_USAGE = YES_ERROR;
				CLANG_WARN_DOCUMENTATION_COMMENTS = YES;
				CLANG_WARN_EMPTY_BODY = YES;
				CLANG_WARN_ENUM_CONVERSION = YES;
				CLANG_WARN_INFINITE_RECURSION = YES;
				CLANG_WARN_INT_CONVERSION = YES;
				CLANG_WARN_OBJC_ROOT_CLASS = YES_ERROR;
				CLANG_WARN_SUSPICIOUS_MOVE = YES;
				CLANG_WARN_UNREACHABLE_CODE = YES;
				CLANG_WARN__DUPLICATE_METHOD_MATCH = YES;
				"CODE_SIGN_IDENTITY[sdk=iphoneos*]" = "iPhone Developer";
				COPY_PHASE_STRIP = NO;
				DEBUG_INFORMATION_FORMAT = "dwarf-with-dsym";
				ENABLE_NS_ASSERTIONS = NO;
				ENABLE_STRICT_OBJC_MSGSEND = YES;
				GCC_C_LANGUAGE_STANDARD = gnu99;
				GCC_NO_COMMON_BLOCKS = YES;
				GCC_WARN_64_TO_32_BIT_CONVERSION = YES;
				GCC_WARN_ABOUT_RETURN_TYPE = YES_ERROR;
				GCC_WARN_UNDECLARED_SELECTOR = YES;
				GCC_WARN_UNINITIALIZED_AUTOS = YES_AGGRESSIVE;
				GCC_WARN_UNUSED_FUNCTION = YES;
				GCC_WARN_UNUSED_VARIABLE = YES;
				IPHONEOS_DEPLOYMENT_TARGET = 10.2;
				MTL_ENABLE_DEBUG_INFO = NO;
				SDKROOT = iphoneos;
				SWIFT_OPTIMIZATION_LEVEL = "-Owholemodule";
				TARGETED_DEVICE_FAMILY = 2;
				VALIDATE_PRODUCT = YES;
			};
			name = Release;
		};
		65EFCCC31E21E0E10089D7C7 /* Debug */ = {
			isa = XCBuildConfiguration;
			buildSettings = {
				ASSETCATALOG_COMPILER_APPICON_NAME = AppIcon;
				INFOPLIST_FILE = "DrawingBoard-Swift/Info.plist";
				LD_RUNPATH_SEARCH_PATHS = "$(inherited) @executable_path/Frameworks";
				PRODUCT_BUNDLE_IDENTIFIER = "songjie.DrawingBoard-Swift";
				PRODUCT_NAME = "$(TARGET_NAME)";
				SWIFT_VERSION = 3.0;
				TARGETED_DEVICE_FAMILY = 2;
			};
			name = Debug;
		};
		65EFCCC41E21E0E10089D7C7 /* Release */ = {
			isa = XCBuildConfiguration;
			buildSettings = {
				ASSETCATALOG_COMPILER_APPICON_NAME = AppIcon;
				INFOPLIST_FILE = "DrawingBoard-Swift/Info.plist";
				LD_RUNPATH_SEARCH_PATHS = "$(inherited) @executable_path/Frameworks";
				PRODUCT_BUNDLE_IDENTIFIER = "songjie.DrawingBoard-Swift";
				PRODUCT_NAME = "$(TARGET_NAME)";
				SWIFT_VERSION = 3.0;
				TARGETED_DEVICE_FAMILY = 2;
			};
			name = Release;
		};
/* End XCBuildConfiguration section */

/* Begin XCConfigurationList section */
		65EFCCAB1E21E0E10089D7C7 /* Build configuration list for PBXProject "DrawingBoard-Swift" */ = {
			isa = XCConfigurationList;
			buildConfigurations = (
				65EFCCC01E21E0E10089D7C7 /* Debug */,
				65EFCCC11E21E0E10089D7C7 /* Release */,
			);
			defaultConfigurationIsVisible = 0;
			defaultConfigurationName = Release;
		};
		65EFCCC21E21E0E10089D7C7 /* Build configuration list for PBXNativeTarget "DrawingBoard-Swift" */ = {
			isa = XCConfigurationList;
			buildConfigurations = (
				65EFCCC31E21E0E10089D7C7 /* Debug */,
				65EFCCC41E21E0E10089D7C7 /* Release */,
			);
			defaultConfigurationIsVisible = 0;
			defaultConfigurationName = Release;
		};
/* End XCConfigurationList section */
	};
	rootObject = 65EFCCA81E21E0E10089D7C7 /* Project object */;
}
